
Microsoft Visual Studio Solution File, Format Version 12.00
Project("{FAE04EC0-301F-11D3-BF4B-00C04F79EFBC}") = "MovieShopMVC", "MovieShopMVC\MovieShopMVC.csproj", "{73B39C03-D02C-4880-94DE-B6BDA46FDEC6}"
EndProject
Project("{FAE04EC0-301F-11D3-BF4B-00C04F79EFBC}") = "ApplicationCore", "ApplicationCore\ApplicationCore.csproj", "{618068AA-5CE7-4317-9AB3-C702760FC6EA}"
EndProject
Project("{FAE04EC0-301F-11D3-BF4B-00C04F79EFBC}") = "Intrastructure", "Intrastructure\Intrastructure.csproj", "{65DD2A5E-9BBD-4990-839A-D5E0968E1BEF}"
EndProject
Global
	GlobalSection(SolutionConfigurationPlatforms) = preSolution
		Debug|Any CPU = Debug|Any CPU
		Release|Any CPU = Release|Any CPU
	EndGlobalSection
	GlobalSection(ProjectConfigurationPlatforms) = postSolution
		{73B39C03-D02C-4880-94DE-B6BDA46FDEC6}.Debug|Any CPU.ActiveCfg = Debug|Any CPU
		{73B39C03-D02C-4880-94DE-B6BDA46FDEC6}.Debug|Any CPU.Build.0 = Debug|Any CPU
		{73B39C03-D02C-4880-94DE-B6BDA46FDEC6}.Release|Any CPU.ActiveCfg = Release|Any CPU
		{73B39C03-D02C-4880-94DE-B6BDA46FDEC6}.Release|Any CPU.Build.0 = Release|Any CPU
		{618068AA-5CE7-4317-9AB3-C702760FC6EA}.Debug|Any CPU.ActiveCfg = Debug|Any CPU
		{618068AA-5CE7-4317-9AB3-C702760FC6EA}.Debug|Any CPU.Build.0 = Debug|Any CPU
		{618068AA-5CE7-4317-9AB3-C702760FC6EA}.Release|Any CPU.ActiveCfg = Release|Any CPU
		{618068AA-5CE7-4317-9AB3-C702760FC6EA}.Release|Any CPU.Build.0 = Release|Any CPU
		{65DD2A5E-9BBD-4990-839A-D5E0968E1BEF}.Debug|Any CPU.ActiveCfg = Debug|Any CPU
		{65DD2A5E-9BBD-4990-839A-D5E0968E1BEF}.Debug|Any CPU.Build.0 = Debug|Any CPU
		{65DD2A5E-9BBD-4990-839A-D5E0968E1BEF}.Release|Any CPU.ActiveCfg = Release|Any CPU
		{65DD2A5E-9BBD-4990-839A-D5E0968E1BEF}.Release|Any CPU.Build.0 = Release|Any CPU
	EndGlobalSection
EndGlobal
